
Microsoft Visual Studio Solution File, Format Version 12.00
# Visual Studio Version 17
VisualStudioVersion = 17.3.32901.215
MinimumVisualStudioVersion = 10.0.40219.1
Project("{FAE04EC0-301F-11D3-BF4B-00C04F79EFBC}") = "PrattParsing", "PrattParsing\PrattParsing.csproj", "{83217A74-202C-48CF-B4FD-16C7601A629D}"
EndProject
Project("{FAE04EC0-301F-11D3-BF4B-00C04F79EFBC}") = "ParsingTests", "ParsingTests\ParsingTests.csproj", "{8B246DD1-BA13-435C-A811-F5DFD6C94E1B}"
EndProject
Global
	GlobalSection(SolutionConfigurationPlatforms) = preSolution
		Debug|Any CPU = Debug|Any CPU
		Release|Any CPU = Release|Any CPU
	EndGlobalSection
	GlobalSection(ProjectConfigurationPlatforms) = postSolution
		{83217A74-202C-48CF-B4FD-16C7601A629D}.Debug|Any CPU.ActiveCfg = Debug|Any CPU
		{83217A74-202C-48CF-B4FD-16C7601A629D}.Debug|Any CPU.Build.0 = Debug|Any CPU
		{83217A74-202C-48CF-B4FD-16C7601A629D}.Release|Any CPU.ActiveCfg = Release|Any CPU
		{83217A74-202C-48CF-B4FD-16C7601A629D}.Release|Any CPU.Build.0 = Release|Any CPU
		{8B246DD1-BA13-435C-A811-F5DFD6C94E1B}.Debug|Any CPU.ActiveCfg = Debug|Any CPU
		{8B246DD1-BA13-435C-A811-F5DFD6C94E1B}.Debug|Any CPU.Build.0 = Debug|Any CPU
		{8B246DD1-BA13-435C-A811-F5DFD6C94E1B}.Release|Any CPU.ActiveCfg = Release|Any CPU
		{8B246DD1-BA13-435C-A811-F5DFD6C94E1B}.Release|Any CPU.Build.0 = Release|Any CPU
	EndGlobalSection
	GlobalSection(SolutionProperties) = preSolution
		HideSolutionNode = FALSE
	EndGlobalSection
	GlobalSection(ExtensibilityGlobals) = postSolution
		SolutionGuid = {D88B5D42-A05B-4308-B09E-857D47F5BDC8}
	EndGlobalSection
EndGlobal
